
Microsoft Visual Studio Solution File, Format Version 12.00
# Visual Studio Version 17
VisualStudioVersion = 17.0.31903.59
MinimumVisualStudioVersion = 10.0.40219.1
Project("{FAE04EC0-301F-11D3-BF4B-00C04F79EFBC}") = "Host", "Host\Host.csproj", "{3CCE59CF-2681-4985-88E2-3D802F2157A0}"
EndProject
Project("{FAE04EC0-301F-11D3-BF4B-00C04F79EFBC}") = "Shell.Client", "Shell.Client\Shell.Client.csproj", "{1C6F2465-6B14-4E19-AF32-D126BC0475F1}"
EndProject
Project("{FAE04EC0-301F-11D3-BF4B-00C04F79EFBC}") = "Products.Client", "Products.Client\Products.Client.csproj", "{463097D8-F061-40AC-9875-EE37E11572D6}"
EndProject
Project("{FAE04EC0-301F-11D3-BF4B-00C04F79EFBC}") = "Orders.Client", "Orders.Client\Orders.Client.csproj", "{0A0E8CD2-8C68-4743-8F00-8CDAF5E6546F}"
EndProject
Project("{FAE04EC0-301F-11D3-BF4B-00C04F79EFBC}") = "Shared.Auth", "Shared.Auth\Shared.Auth.csproj", "{34010149-002E-442D-A9AC-78917C03E8D7}"
EndProject
Project("{2150E333-8FDC-42A3-9474-1A3956D46DE8}") = "Shared", "Shared", "{4F52FD11-658E-A102-6CD3-7D7C16FFA15B}"
EndProject
Project("{FAE04EC0-301F-11D3-BF4B-00C04F79EFBC}") = "Microfrontends.Shared.UI", "Shared\Microfrontends.Shared.UI\Microfrontends.Shared.UI.csproj", "{A43F6C78-3436-451B-9F3B-FCFB30B560B3}"
EndProject
Project("{FAE04EC0-301F-11D3-BF4B-00C04F79EFBC}") = "Microfrontends.Shared.Core", "Shared\Microfrontends.Shared.Core\Microfrontends.Shared.Core.csproj", "{5755DF43-D4A4-42B1-B393-38291473130A}"
EndProject
Project("{FAE04EC0-301F-11D3-BF4B-00C04F79EFBC}") = "Customers.Client", "Customers.Client\Customers.Client.csproj", "{EEA1E146-24AC-4FA6-81B4-FEEC74537C77}"
EndProject
Global
	GlobalSection(SolutionConfigurationPlatforms) = preSolution
		Debug|Any CPU = Debug|Any CPU
		Debug|x64 = Debug|x64
		Debug|x86 = Debug|x86
		Release|Any CPU = Release|Any CPU
		Release|x64 = Release|x64
		Release|x86 = Release|x86
	EndGlobalSection
	GlobalSection(ProjectConfigurationPlatforms) = postSolution
		{3CCE59CF-2681-4985-88E2-3D802F2157A0}.Debug|Any CPU.ActiveCfg = Debug|Any CPU
		{3CCE59CF-2681-4985-88E2-3D802F2157A0}.Debug|Any CPU.Build.0 = Debug|Any CPU
		{3CCE59CF-2681-4985-88E2-3D802F2157A0}.Debug|x64.ActiveCfg = Debug|Any CPU
		{3CCE59CF-2681-4985-88E2-3D802F2157A0}.Debug|x64.Build.0 = Debug|Any CPU
		{3CCE59CF-2681-4985-88E2-3D802F2157A0}.Debug|x86.ActiveCfg = Debug|Any CPU
		{3CCE59CF-2681-4985-88E2-3D802F2157A0}.Debug|x86.Build.0 = Debug|Any CPU
		{3CCE59CF-2681-4985-88E2-3D802F2157A0}.Release|Any CPU.ActiveCfg = Release|Any CPU
		{3CCE59CF-2681-4985-88E2-3D802F2157A0}.Release|Any CPU.Build.0 = Release|Any CPU
		{3CCE59CF-2681-4985-88E2-3D802F2157A0}.Release|x64.ActiveCfg = Release|Any CPU
		{3CCE59CF-2681-4985-88E2-3D802F2157A0}.Release|x64.Build.0 = Release|Any CPU
		{3CCE59CF-2681-4985-88E2-3D802F2157A0}.Release|x86.ActiveCfg = Release|Any CPU
		{3CCE59CF-2681-4985-88E2-3D802F2157A0}.Release|x86.Build.0 = Release|Any CPU
		{1C6F2465-6B14-4E19-AF32-D126BC0475F1}.Debug|Any CPU.ActiveCfg = Debug|Any CPU
		{1C6F2465-6B14-4E19-AF32-D126BC0475F1}.Debug|Any CPU.Build.0 = Debug|Any CPU
		{1C6F2465-6B14-4E19-AF32-D126BC0475F1}.Debug|x64.ActiveCfg = Debug|Any CPU
		{1C6F2465-6B14-4E19-AF32-D126BC0475F1}.Debug|x64.Build.0 = Debug|Any CPU
		{1C6F2465-6B14-4E19-AF32-D126BC0475F1}.Debug|x86.ActiveCfg = Debug|Any CPU
		{1C6F2465-6B14-4E19-AF32-D126BC0475F1}.Debug|x86.Build.0 = Debug|Any CPU
		{1C6F2465-6B14-4E19-AF32-D126BC0475F1}.Release|Any CPU.ActiveCfg = Release|Any CPU
		{1C6F2465-6B14-4E19-AF32-D126BC0475F1}.Release|Any CPU.Build.0 = Release|Any CPU
		{1C6F2465-6B14-4E19-AF32-D126BC0475F1}.Release|x64.ActiveCfg = Release|Any CPU
		{1C6F2465-6B14-4E19-AF32-D126BC0475F1}.Release|x64.Build.0 = Release|Any CPU
		{1C6F2465-6B14-4E19-AF32-D126BC0475F1}.Release|x86.ActiveCfg = Release|Any CPU
		{1C6F2465-6B14-4E19-AF32-D126BC0475F1}.Release|x86.Build.0 = Release|Any CPU
		{463097D8-F061-40AC-9875-EE37E11572D6}.Debug|Any CPU.ActiveCfg = Debug|Any CPU
		{463097D8-F061-40AC-9875-EE37E11572D6}.Debug|Any CPU.Build.0 = Debug|Any CPU
		{463097D8-F061-40AC-9875-EE37E11572D6}.Debug|x64.ActiveCfg = Debug|Any CPU
		{463097D8-F061-40AC-9875-EE37E11572D6}.Debug|x64.Build.0 = Debug|Any CPU
		{463097D8-F061-40AC-9875-EE37E11572D6}.Debug|x86.ActiveCfg = Debug|Any CPU
		{463097D8-F061-40AC-9875-EE37E11572D6}.Debug|x86.Build.0 = Debug|Any CPU
		{463097D8-F061-40AC-9875-EE37E11572D6}.Release|Any CPU.ActiveCfg = Release|Any CPU
		{463097D8-F061-40AC-9875-EE37E11572D6}.Release|Any CPU.Build.0 = Release|Any CPU
		{463097D8-F061-40AC-9875-EE37E11572D6}.Release|x64.ActiveCfg = Release|Any CPU
		{463097D8-F061-40AC-9875-EE37E11572D6}.Release|x64.Build.0 = Release|Any CPU
		{463097D8-F061-40AC-9875-EE37E11572D6}.Release|x86.ActiveCfg = Release|Any CPU
		{463097D8-F061-40AC-9875-EE37E11572D6}.Release|x86.Build.0 = Release|Any CPU
		{0A0E8CD2-8C68-4743-8F00-8CDAF5E6546F}.Debug|Any CPU.ActiveCfg = Debug|Any CPU
		{0A0E8CD2-8C68-4743-8F00-8CDAF5E6546F}.Debug|Any CPU.Build.0 = Debug|Any CPU
		{0A0E8CD2-8C68-4743-8F00-8CDAF5E6546F}.Debug|x64.ActiveCfg = Debug|Any CPU
		{0A0E8CD2-8C68-4743-8F00-8CDAF5E6546F}.Debug|x64.Build.0 = Debug|Any CPU
		{0A0E8CD2-8C68-4743-8F00-8CDAF5E6546F}.Debug|x86.ActiveCfg = Debug|Any CPU
		{0A0E8CD2-8C68-4743-8F00-8CDAF5E6546F}.Debug|x86.Build.0 = Debug|Any CPU
		{0A0E8CD2-8C68-4743-8F00-8CDAF5E6546F}.Release|Any CPU.ActiveCfg = Release|Any CPU
		{0A0E8CD2-8C68-4743-8F00-8CDAF5E6546F}.Release|Any CPU.Build.0 = Release|Any CPU
		{0A0E8CD2-8C68-4743-8F00-8CDAF5E6546F}.Release|x64.ActiveCfg = Release|Any CPU
		{0A0E8CD2-8C68-4743-8F00-8CDAF5E6546F}.Release|x64.Build.0 = Release|Any CPU
		{0A0E8CD2-8C68-4743-8F00-8CDAF5E6546F}.Release|x86.ActiveCfg = Release|Any CPU
		{0A0E8CD2-8C68-4743-8F00-8CDAF5E6546F}.Release|x86.Build.0 = Release|Any CPU
		{34010149-002E-442D-A9AC-78917C03E8D7}.Debug|Any CPU.ActiveCfg = Debug|Any CPU
		{34010149-002E-442D-A9AC-78917C03E8D7}.Debug|Any CPU.Build.0 = Debug|Any CPU
		{34010149-002E-442D-A9AC-78917C03E8D7}.Debug|x64.ActiveCfg = Debug|Any CPU
		{34010149-002E-442D-A9AC-78917C03E8D7}.Debug|x64.Build.0 = Debug|Any CPU
		{34010149-002E-442D-A9AC-78917C03E8D7}.Debug|x86.ActiveCfg = Debug|Any CPU
		{34010149-002E-442D-A9AC-78917C03E8D7}.Debug|x86.Build.0 = Debug|Any CPU
		{34010149-002E-442D-A9AC-78917C03E8D7}.Release|Any CPU.ActiveCfg = Release|Any CPU
		{34010149-002E-442D-A9AC-78917C03E8D7}.Release|Any CPU.Build.0 = Release|Any CPU
		{34010149-002E-442D-A9AC-78917C03E8D7}.Release|x64.ActiveCfg = Release|Any CPU
		{34010149-002E-442D-A9AC-78917C03E8D7}.Release|x64.Build.0 = Release|Any CPU
		{34010149-002E-442D-A9AC-78917C03E8D7}.Release|x86.ActiveCfg = Release|Any CPU
		{34010149-002E-442D-A9AC-78917C03E8D7}.Release|x86.Build.0 = Release|Any CPU
		{A43F6C78-3436-451B-9F3B-FCFB30B560B3}.Debug|Any CPU.ActiveCfg = Debug|Any CPU
		{A43F6C78-3436-451B-9F3B-FCFB30B560B3}.Debug|Any CPU.Build.0 = Debug|Any CPU
		{A43F6C78-3436-451B-9F3B-FCFB30B560B3}.Debug|x64.ActiveCfg = Debug|Any CPU
		{A43F6C78-3436-451B-9F3B-FCFB30B560B3}.Debug|x64.Build.0 = Debug|Any CPU
		{A43F6C78-3436-451B-9F3B-FCFB30B560B3}.Debug|x86.ActiveCfg = Debug|Any CPU
		{A43F6C78-3436-451B-9F3B-FCFB30B560B3}.Debug|x86.Build.0 = Debug|Any CPU
		{A43F6C78-3436-451B-9F3B-FCFB30B560B3}.Release|Any CPU.ActiveCfg = Release|Any CPU
		{A43F6C78-3436-451B-9F3B-FCFB30B560B3}.Release|Any CPU.Build.0 = Release|Any CPU
		{A43F6C78-3436-451B-9F3B-FCFB30B560B3}.Release|x64.ActiveCfg = Release|Any CPU
		{A43F6C78-3436-451B-9F3B-FCFB30B560B3}.Release|x64.Build.0 = Release|Any CPU
		{A43F6C78-3436-451B-9F3B-FCFB30B560B3}.Release|x86.ActiveCfg = Release|Any CPU
		{A43F6C78-3436-451B-9F3B-FCFB30B560B3}.Release|x86.Build.0 = Release|Any CPU
		{5755DF43-D4A4-42B1-B393-38291473130A}.Debug|Any CPU.ActiveCfg = Debug|Any CPU
		{5755DF43-D4A4-42B1-B393-38291473130A}.Debug|Any CPU.Build.0 = Debug|Any CPU
		{5755DF43-D4A4-42B1-B393-38291473130A}.Debug|x64.ActiveCfg = Debug|Any CPU
		{5755DF43-D4A4-42B1-B393-38291473130A}.Debug|x64.Build.0 = Debug|Any CPU
		{5755DF43-D4A4-42B1-B393-38291473130A}.Debug|x86.ActiveCfg = Debug|Any CPU
		{5755DF43-D4A4-42B1-B393-38291473130A}.Debug|x86.Build.0 = Debug|Any CPU
		{5755DF43-D4A4-42B1-B393-38291473130A}.Release|Any CPU.ActiveCfg = Release|Any CPU
		{5755DF43-D4A4-42B1-B393-38291473130A}.Release|Any CPU.Build.0 = Release|Any CPU
		{5755DF43-D4A4-42B1-B393-38291473130A}.Release|x64.ActiveCfg = Release|Any CPU
		{5755DF43-D4A4-42B1-B393-38291473130A}.Release|x64.Build.0 = Release|Any CPU
		{5755DF43-D4A4-42B1-B393-38291473130A}.Release|x86.ActiveCfg = Release|Any CPU
		{5755DF43-D4A4-42B1-B393-38291473130A}.Release|x86.Build.0 = Release|Any CPU
		{EEA1E146-24AC-4FA6-81B4-FEEC74537C77}.Debug|Any CPU.ActiveCfg = Debug|Any CPU
		{EEA1E146-24AC-4FA6-81B4-FEEC74537C77}.Debug|Any CPU.Build.0 = Debug|Any CPU
		{EEA1E146-24AC-4FA6-81B4-FEEC74537C77}.Debug|x64.ActiveCfg = Debug|Any CPU
		{EEA1E146-24AC-4FA6-81B4-FEEC74537C77}.Debug|x64.Build.0 = Debug|Any CPU
		{EEA1E146-24AC-4FA6-81B4-FEEC74537C77}.Debug|x86.ActiveCfg = Debug|Any CPU
		{EEA1E146-24AC-4FA6-81B4-FEEC74537C77}.Debug|x86.Build.0 = Debug|Any CPU
		{EEA1E146-24AC-4FA6-81B4-FEEC74537C77}.Release|Any CPU.ActiveCfg = Release|Any CPU
		{EEA1E146-24AC-4FA6-81B4-FEEC74537C77}.Release|Any CPU.Build.0 = Release|Any CPU
		{EEA1E146-24AC-4FA6-81B4-FEEC74537C77}.Release|x64.ActiveCfg = Release|Any CPU
		{EEA1E146-24AC-4FA6-81B4-FEEC74537C77}.Release|x64.Build.0 = Release|Any CPU
		{EEA1E146-24AC-4FA6-81B4-FEEC74537C77}.Release|x86.ActiveCfg = Release|Any CPU
		{EEA1E146-24AC-4FA6-81B4-FEEC74537C77}.Release|x86.Build.0 = Release|Any CPU
	EndGlobalSection
	GlobalSection(SolutionProperties) = preSolution
		HideSolutionNode = FALSE
	EndGlobalSection
	GlobalSection(NestedProjects) = preSolution
		{A43F6C78-3436-451B-9F3B-FCFB30B560B3} = {4F52FD11-658E-A102-6CD3-7D7C16FFA15B}
		{5755DF43-D4A4-42B1-B393-38291473130A} = {4F52FD11-658E-A102-6CD3-7D7C16FFA15B}
	EndGlobalSection
EndGlobal
